{
  "name": "bazooka-bitfinex",
  "version": "0.0.0",
  "lockfileVersion": 1,
  "requires": true,
  "dependencies": {
    "bzk": {
      "version": "0.0.1",
      "resolved": "https://registry.npmjs.org/bzk/-/bzk-0.0.1.tgz",
      "integrity": "sha512-a9Uk3eoh4CzFj2XocBdkQiho6y3EMnaOvmscKVE4yE5MQOhN0f5FaG2rTTJ+4DbWaNCSppxe2YQCU6+HofEBcw==",
      "requires": {
        "class-is": "^1.1.0"
      }
    },
    "class-is": {
      "version": "1.1.0",
      "resolved": "https://registry.npmjs.org/class-is/-/class-is-1.1.0.tgz",
      "integrity": "sha512-rhjH9AG1fvabIDoGRVH587413LPjTZgmDF9fOFCbFJQV4yuocX1mHxxvXI4g3cGwbVY9wAYIoKlg1N79frJKQw=="
    }
  }
}
